
Microsoft Visual Studio Solution File, Format Version 12.00
# Visual Studio 2015
Project("{FAE04EC0-301F-11D3-BF4B-00C04F79EFBC}") = "KettuKanaPeli.CSharp.Plugins", "KettuKanaPeli.CSharp.Plugins.csproj", "{1A13AA96-F3FC-859C-36A2-F7AD86D57F3E}"
EndProject
Project("{FAE04EC0-301F-11D3-BF4B-00C04F79EFBC}") = "KettuKanaPeli.CSharp", "KettuKanaPeli.CSharp.csproj", "{AF0AB932-13A9-E1DF-1ECC-10C3C05B6CCA}"
EndProject
Project("{FAE04EC0-301F-11D3-BF4B-00C04F79EFBC}") = "KettuKanaPeli.CSharp.Editor", "KettuKanaPeli.CSharp.Editor.csproj", "{367DC221-FBBC-EEAF-FB03-5BA20C2EE6A3}"
EndProject
Global
	GlobalSection(SolutionConfigurationPlatforms) = preSolution
		Debug|Any CPU = Debug|Any CPU
		Release|Any CPU = Release|Any CPU
	EndGlobalSection
	GlobalSection(ProjectConfigurationPlatforms) = postSolution
		{1A13AA96-F3FC-859C-36A2-F7AD86D57F3E}.Debug|Any CPU.ActiveCfg = Debug|Any CPU
		{1A13AA96-F3FC-859C-36A2-F7AD86D57F3E}.Debug|Any CPU.Build.0 = Debug|Any CPU
		{1A13AA96-F3FC-859C-36A2-F7AD86D57F3E}.Release|Any CPU.ActiveCfg = Release|Any CPU
		{1A13AA96-F3FC-859C-36A2-F7AD86D57F3E}.Release|Any CPU.Build.0 = Release|Any CPU
		{AF0AB932-13A9-E1DF-1ECC-10C3C05B6CCA}.Debug|Any CPU.ActiveCfg = Debug|Any CPU
		{AF0AB932-13A9-E1DF-1ECC-10C3C05B6CCA}.Debug|Any CPU.Build.0 = Debug|Any CPU
		{AF0AB932-13A9-E1DF-1ECC-10C3C05B6CCA}.Release|Any CPU.ActiveCfg = Release|Any CPU
		{AF0AB932-13A9-E1DF-1ECC-10C3C05B6CCA}.Release|Any CPU.Build.0 = Release|Any CPU
		{367DC221-FBBC-EEAF-FB03-5BA20C2EE6A3}.Debug|Any CPU.ActiveCfg = Debug|Any CPU
		{367DC221-FBBC-EEAF-FB03-5BA20C2EE6A3}.Debug|Any CPU.Build.0 = Debug|Any CPU
		{367DC221-FBBC-EEAF-FB03-5BA20C2EE6A3}.Release|Any CPU.ActiveCfg = Release|Any CPU
		{367DC221-FBBC-EEAF-FB03-5BA20C2EE6A3}.Release|Any CPU.Build.0 = Release|Any CPU
	EndGlobalSection
	GlobalSection(SolutionProperties) = preSolution
		HideSolutionNode = FALSE
	EndGlobalSection
EndGlobal
