
Microsoft Visual Studio Solution File, Format Version 12.00
# Visual Studio 2015
Project("{FAE04EC0-301F-11D3-BF4B-00C04F79EFBC}") = "Kettukanapeli.CSharp.Plugins", "Kettukanapeli.CSharp.Plugins.csproj", "{CCC014A7-2A5C-0093-E897-11EEA9329B74}"
EndProject
Project("{FAE04EC0-301F-11D3-BF4B-00C04F79EFBC}") = "Kettukanapeli.CSharp", "Kettukanapeli.CSharp.csproj", "{47805EAD-413A-B46A-C596-E544B7AB23EF}"
EndProject
Project("{FAE04EC0-301F-11D3-BF4B-00C04F79EFBC}") = "Kettukanapeli.CSharp.Editor", "Kettukanapeli.CSharp.Editor.csproj", "{BCC2477D-6213-5EBE-C9BC-E07CB66F5085}"
EndProject
Global
	GlobalSection(SolutionConfigurationPlatforms) = preSolution
		Debug|Any CPU = Debug|Any CPU
		Release|Any CPU = Release|Any CPU
	EndGlobalSection
	GlobalSection(ProjectConfigurationPlatforms) = postSolution
		{CCC014A7-2A5C-0093-E897-11EEA9329B74}.Debug|Any CPU.ActiveCfg = Debug|Any CPU
		{CCC014A7-2A5C-0093-E897-11EEA9329B74}.Debug|Any CPU.Build.0 = Debug|Any CPU
		{CCC014A7-2A5C-0093-E897-11EEA9329B74}.Release|Any CPU.ActiveCfg = Release|Any CPU
		{CCC014A7-2A5C-0093-E897-11EEA9329B74}.Release|Any CPU.Build.0 = Release|Any CPU
		{47805EAD-413A-B46A-C596-E544B7AB23EF}.Debug|Any CPU.ActiveCfg = Debug|Any CPU
		{47805EAD-413A-B46A-C596-E544B7AB23EF}.Debug|Any CPU.Build.0 = Debug|Any CPU
		{47805EAD-413A-B46A-C596-E544B7AB23EF}.Release|Any CPU.ActiveCfg = Release|Any CPU
		{47805EAD-413A-B46A-C596-E544B7AB23EF}.Release|Any CPU.Build.0 = Release|Any CPU
		{BCC2477D-6213-5EBE-C9BC-E07CB66F5085}.Debug|Any CPU.ActiveCfg = Debug|Any CPU
		{BCC2477D-6213-5EBE-C9BC-E07CB66F5085}.Debug|Any CPU.Build.0 = Debug|Any CPU
		{BCC2477D-6213-5EBE-C9BC-E07CB66F5085}.Release|Any CPU.ActiveCfg = Release|Any CPU
		{BCC2477D-6213-5EBE-C9BC-E07CB66F5085}.Release|Any CPU.Build.0 = Release|Any CPU
	EndGlobalSection
	GlobalSection(SolutionProperties) = preSolution
		HideSolutionNode = FALSE
	EndGlobalSection
EndGlobal
